
Microsoft Visual Studio Solution File, Format Version 12.00
# Visual Studio Version 16
VisualStudioVersion = 16.0.31321.278
MinimumVisualStudioVersion = 10.0.40219.1
Project("{FAE04EC0-301F-11D3-BF4B-00C04F79EFBC}") = "Classmate", "Classmate\Classmate.csproj", "{7EE214E9-B944-486B-BA5B-E1A1992AA8B7}"
EndProject
Project("{FAE04EC0-301F-11D3-BF4B-00C04F79EFBC}") = "Classmate.Test", "Classmate.Test\Classmate.Test.csproj", "{FEFECC6A-A0AB-458B-9572-4A6D58747D53}"
EndProject
Global
	GlobalSection(SolutionConfigurationPlatforms) = preSolution
		Debug|Any CPU = Debug|Any CPU
		Release|Any CPU = Release|Any CPU
	EndGlobalSection
	GlobalSection(ProjectConfigurationPlatforms) = postSolution
		{7EE214E9-B944-486B-BA5B-E1A1992AA8B7}.Debug|Any CPU.ActiveCfg = Debug|Any CPU
		{7EE214E9-B944-486B-BA5B-E1A1992AA8B7}.Debug|Any CPU.Build.0 = Debug|Any CPU
		{7EE214E9-B944-486B-BA5B-E1A1992AA8B7}.Release|Any CPU.ActiveCfg = Release|Any CPU
		{7EE214E9-B944-486B-BA5B-E1A1992AA8B7}.Release|Any CPU.Build.0 = Release|Any CPU
		{FEFECC6A-A0AB-458B-9572-4A6D58747D53}.Debug|Any CPU.ActiveCfg = Debug|Any CPU
		{FEFECC6A-A0AB-458B-9572-4A6D58747D53}.Debug|Any CPU.Build.0 = Debug|Any CPU
		{FEFECC6A-A0AB-458B-9572-4A6D58747D53}.Release|Any CPU.ActiveCfg = Release|Any CPU
		{FEFECC6A-A0AB-458B-9572-4A6D58747D53}.Release|Any CPU.Build.0 = Release|Any CPU
	EndGlobalSection
	GlobalSection(SolutionProperties) = preSolution
		HideSolutionNode = FALSE
	EndGlobalSection
	GlobalSection(ExtensibilityGlobals) = postSolution
		SolutionGuid = {BDF2DBEB-1575-4B35-A722-DEA91DFB66F9}
	EndGlobalSection
EndGlobal
